
Microsoft Visual Studio Solution File, Format Version 12.00
# Visual Studio Version 17
VisualStudioVersion = 17.1.32210.238
MinimumVisualStudioVersion = 10.0.40219.1
Project("{FAE04EC0-301F-11D3-BF4B-00C04F79EFBC}") = "WinFormsApp1", "WinFormsApp1\WinFormsApp1.csproj", "{7DA9EABE-C6BC-42BD-9AA1-B4728C732936}"
EndProject
Global
	GlobalSection(SolutionConfigurationPlatforms) = preSolution
		Debug|Any CPU = Debug|Any CPU
		Release|Any CPU = Release|Any CPU
	EndGlobalSection
	GlobalSection(ProjectConfigurationPlatforms) = postSolution
		{7DA9EABE-C6BC-42BD-9AA1-B4728C732936}.Debug|Any CPU.ActiveCfg = Debug|Any CPU
		{7DA9EABE-C6BC-42BD-9AA1-B4728C732936}.Debug|Any CPU.Build.0 = Debug|Any CPU
		{7DA9EABE-C6BC-42BD-9AA1-B4728C732936}.Release|Any CPU.ActiveCfg = Release|Any CPU
		{7DA9EABE-C6BC-42BD-9AA1-B4728C732936}.Release|Any CPU.Build.0 = Release|Any CPU
	EndGlobalSection
	GlobalSection(SolutionProperties) = preSolution
		HideSolutionNode = FALSE
	EndGlobalSection
	GlobalSection(ExtensibilityGlobals) = postSolution
		SolutionGuid = {65265218-6F47-4C3B-9392-8A4FC1CB7B99}
	EndGlobalSection
EndGlobal
